{
  "requires": true,
  "lockfileVersion": 1,
  "dependencies": {
    "google-protobuf": {
      "version": "3.15.6",
      "resolved": "https://registry.npmjs.org/google-protobuf/-/google-protobuf-3.15.6.tgz",
      "integrity": "sha512-p65NyhIZFHFUxbIPOm6cygg2rCjK+2uDCxruOG3RaWKM9R4rBGX0STmlJoSOhoyAG8Fha7U8FP4pQomAV1JXsA=="
    },
    "nan": {
      "version": "1.0.0",
      "resolved": "https://registry.npmjs.org/nan/-/nan-1.0.0.tgz",
      "integrity": "sha1-riT4hQgY1mL8q1rPfzuVv6oszzg="
    },
    "protobuf": {
      "version": "0.11.1",
      "resolved": "https://registry.npmjs.org/protobuf/-/protobuf-0.11.1.tgz",
      "integrity": "sha1-+CZ0t/bYoVQ/oToMirw55dTI0U4=",
      "requires": {
        "nan": "~1.0.0"
      }
    }
  }
}
